
Microsoft Visual Studio Solution File, Format Version 12.00
# Visual Studio Version 16
VisualStudioVersion = 16.0.31702.278
MinimumVisualStudioVersion = 10.0.40219.1
Project("{FAE04EC0-301F-11D3-BF4B-00C04F79EFBC}") = "UdeoSolid2", "UdeoSolid2\UdeoSolid2.csproj", "{5142C9A3-3BEA-445E-A1F7-2141FBBD46D1}"
EndProject
Global
	GlobalSection(SolutionConfigurationPlatforms) = preSolution
		Debug|Any CPU = Debug|Any CPU
		Release|Any CPU = Release|Any CPU
	EndGlobalSection
	GlobalSection(ProjectConfigurationPlatforms) = postSolution
		{5142C9A3-3BEA-445E-A1F7-2141FBBD46D1}.Debug|Any CPU.ActiveCfg = Debug|Any CPU
		{5142C9A3-3BEA-445E-A1F7-2141FBBD46D1}.Debug|Any CPU.Build.0 = Debug|Any CPU
		{5142C9A3-3BEA-445E-A1F7-2141FBBD46D1}.Release|Any CPU.ActiveCfg = Release|Any CPU
		{5142C9A3-3BEA-445E-A1F7-2141FBBD46D1}.Release|Any CPU.Build.0 = Release|Any CPU
	EndGlobalSection
	GlobalSection(SolutionProperties) = preSolution
		HideSolutionNode = FALSE
	EndGlobalSection
	GlobalSection(ExtensibilityGlobals) = postSolution
		SolutionGuid = {43F21886-C4FD-4A3C-8F68-5151C4C7C391}
	EndGlobalSection
EndGlobal
